
Microsoft Visual Studio Solution File, Format Version 12.00
# Visual Studio Version 16
VisualStudioVersion = 16.0.29409.12
MinimumVisualStudioVersion = 10.0.40219.1
Project("{FAE04EC0-301F-11D3-BF4B-00C04F79EFBC}") = "WeekDayWebApplication", "WeekDayWebApplication\WeekDayWebApplication.csproj", "{D29A6DD6-48E6-4FBB-9F42-08B79495367F}"
EndProject
Global
	GlobalSection(SolutionConfigurationPlatforms) = preSolution
		Debug|Any CPU = Debug|Any CPU
		Release|Any CPU = Release|Any CPU
	EndGlobalSection
	GlobalSection(ProjectConfigurationPlatforms) = postSolution
		{D29A6DD6-48E6-4FBB-9F42-08B79495367F}.Debug|Any CPU.ActiveCfg = Debug|Any CPU
		{D29A6DD6-48E6-4FBB-9F42-08B79495367F}.Debug|Any CPU.Build.0 = Debug|Any CPU
		{D29A6DD6-48E6-4FBB-9F42-08B79495367F}.Release|Any CPU.ActiveCfg = Release|Any CPU
		{D29A6DD6-48E6-4FBB-9F42-08B79495367F}.Release|Any CPU.Build.0 = Release|Any CPU
	EndGlobalSection
	GlobalSection(SolutionProperties) = preSolution
		HideSolutionNode = FALSE
	EndGlobalSection
	GlobalSection(ExtensibilityGlobals) = postSolution
		SolutionGuid = {393C500B-DC7A-41F6-88AC-4F66D17FC215}
	EndGlobalSection
EndGlobal
